
Microsoft Visual Studio Solution File, Format Version 12.00
# Visual Studio 2012
Project("{FAE04EC0-301F-11D3-BF4B-00C04F79EFBC}") = "Confidence", "Confidence\Confidence.csproj", "{1E77A967-02D6-4602-9AD3-3B47757C017D}"
EndProject
Global
	GlobalSection(SolutionConfigurationPlatforms) = preSolution
		Debug|Any CPU = Debug|Any CPU
		Release|Any CPU = Release|Any CPU
	EndGlobalSection
	GlobalSection(ProjectConfigurationPlatforms) = postSolution
		{1E77A967-02D6-4602-9AD3-3B47757C017D}.Debug|Any CPU.ActiveCfg = Debug|Any CPU
		{1E77A967-02D6-4602-9AD3-3B47757C017D}.Debug|Any CPU.Build.0 = Debug|Any CPU
		{1E77A967-02D6-4602-9AD3-3B47757C017D}.Release|Any CPU.ActiveCfg = Release|Any CPU
		{1E77A967-02D6-4602-9AD3-3B47757C017D}.Release|Any CPU.Build.0 = Release|Any CPU
	EndGlobalSection
	GlobalSection(SolutionProperties) = preSolution
		HideSolutionNode = FALSE
	EndGlobalSection
EndGlobal
